
Microsoft Visual Studio Solution File, Format Version 12.00
# Visual Studio Version 17
VisualStudioVersion = 17.9.34622.214
MinimumVisualStudioVersion = 10.0.40219.1
Project("{FAE04EC0-301F-11D3-BF4B-00C04F79EFBC}") = "SquareChaserV2", "SquareChaserV2.csproj", "{EF38FD0D-C433-4414-B297-E858C36D4C79}"
EndProject
Global
	GlobalSection(SolutionConfigurationPlatforms) = preSolution
		Debug|Any CPU = Debug|Any CPU
		Release|Any CPU = Release|Any CPU
	EndGlobalSection
	GlobalSection(ProjectConfigurationPlatforms) = postSolution
		{EF38FD0D-C433-4414-B297-E858C36D4C79}.Debug|Any CPU.ActiveCfg = Debug|Any CPU
		{EF38FD0D-C433-4414-B297-E858C36D4C79}.Debug|Any CPU.Build.0 = Debug|Any CPU
		{EF38FD0D-C433-4414-B297-E858C36D4C79}.Release|Any CPU.ActiveCfg = Release|Any CPU
		{EF38FD0D-C433-4414-B297-E858C36D4C79}.Release|Any CPU.Build.0 = Release|Any CPU
	EndGlobalSection
	GlobalSection(SolutionProperties) = preSolution
		HideSolutionNode = FALSE
	EndGlobalSection
	GlobalSection(ExtensibilityGlobals) = postSolution
		SolutionGuid = {DB8DDAFC-7C14-4296-BC1A-9AAA6F2DD9B2}
	EndGlobalSection
EndGlobal
